# THIS IS AN AUTOGENERATED FILE. DO NOT EDIT THIS FILE DIRECTLY.
# yarn lockfile v1


baconjs:
  version "0.7.88"
  resolved "https://registry.yarnpkg.com/baconjs/-/baconjs-0.7.88.tgz#88119ec488ad2df97e86ffcc7272d496e1e31611"

highland:
  version "2.10.0"
  resolved "https://registry.yarnpkg.com/highland/-/highland-2.10.0.tgz#a7af20d3701b791c873a36dd1779178ad4ff848e"
  dependencies:
    util-deprecate "^1.0.2"

node-fetch@^2.6.1:
  version "2.6.1"
  resolved "https://registry.yarnpkg.com/node-fetch/-/node-fetch-2.6.1.tgz#045bd323631f76ed2e2b55573394416b639a0052"

util-deprecate@^1.0.2:
  version "1.0.2"
  resolved "https://registry.yarnpkg.com/util-deprecate/-/util-deprecate-1.0.2.tgz#450d4dc9fa70de732762fbd2d4a28981419a0ccf"
