# THIS IS AN AUTOGENERATED FILE. DO NOT EDIT THIS FILE DIRECTLY.
# yarn lockfile v1
highland:
  version "2.10.0"
  resolved "https://registry.yarnpkg.com/highland/-/highland-2.10.0.tgz#a7af20d3701b791c873a36dd1779178ad4ff848e"
  dependencies:
    util-deprecate "^1.0.2"

util-deprecate@^1.0.2:
  version "1.0.2"
  resolved "https://registry.yarnpkg.com/util-deprecate/-/util-deprecate-1.0.2.tgz#450d4dc9fa70de732762fbd2d4a28981419a0ccf"

